// !$*UTF8*$!
{
	archiveVersion = 1;
	classes = {
	};
	objectVersion = 50;
	objects = {

/* Begin PBXBuildFile section */
		3A478A05239E556B009AE4D4 /* AppDelegate.swift in Sources */ = {isa = PBXBuildFile; fileRef = 3A478A04239E556B009AE4D4 /* AppDelegate.swift */; };
		3A478A07239E556B009AE4D4 /* SceneDelegate.swift in Sources */ = {isa = PBXBuildFile; fileRef = 3A478A06239E556B009AE4D4 /* SceneDelegate.swift */; };
		3A478A09239E556B009AE4D4 /* ContentView.swift in Sources */ = {isa = PBXBuildFile; fileRef = 3A478A08239E556B009AE4D4 /* ContentView.swift */; };
		3A478A0B239E556D009AE4D4 /* Assets.xcassets in Resources */ = {isa = PBXBuildFile; fileRef = 3A478A0A239E556D009AE4D4 /* Assets.xcassets */; };
		3A478A0E239E556D009AE4D4 /* Preview Assets.xcassets in Resources */ = {isa = PBXBuildFile; fileRef = 3A478A0D239E556D009AE4D4 /* Preview Assets.xcassets */; };
		3A478A11239E556D009AE4D4 /* LaunchScreen.storyboard in Resources */ = {isa = PBXBuildFile; fileRef = 3A478A0F239E556D009AE4D4 /* LaunchScreen.storyboard */; };
		3A478A17239E557F009AE4D4 /* SwiftMetal.framework in Frameworks */ = {isa = PBXBuildFile; fileRef = 3A99C5F7239A4B20005BE419 /* SwiftMetal.framework */; };
		3A478A18239E557F009AE4D4 /* SwiftMetal.framework in Embed Frameworks */ = {isa = PBXBuildFile; fileRef = 3A99C5F7239A4B20005BE419 /* SwiftMetal.framework */; settings = {ATTRIBUTES = (CodeSignOnCopy, RemoveHeadersOnCopy, ); }; };
		3A478A1C239E55A8009AE4D4 /* TestMedia.xcassets in Resources */ = {isa = PBXBuildFile; fileRef = 74512F24239BE34D008F5FCE /* TestMedia.xcassets */; };
		3A478A1E239E695E009AE4D4 /* Main.swift in Sources */ = {isa = PBXBuildFile; fileRef = 3A478A1D239E695E009AE4D4 /* Main.swift */; };
		3A670681239A61BB00E23C87 /* SMEntity.swift in Sources */ = {isa = PBXBuildFile; fileRef = 3A670680239A61BB00E23C87 /* SMEntity.swift */; };
		3A670689239A666300E23C87 /* SMTexture.swift in Sources */ = {isa = PBXBuildFile; fileRef = 3A670688239A666300E23C87 /* SMTexture.swift */; };
		3A67068B239A687E00E23C87 /* SMBuilder.swift in Sources */ = {isa = PBXBuildFile; fileRef = 3A67068A239A687E00E23C87 /* SMBuilder.swift */; };
		3A67068D239A6CCB00E23C87 /* SMCode.swift in Sources */ = {isa = PBXBuildFile; fileRef = 3A67068C239A6CCB00E23C87 /* SMCode.swift */; };
		3A670691239A93D400E23C87 /* SMRenderer.swift in Sources */ = {isa = PBXBuildFile; fileRef = 3A670690239A93D400E23C87 /* SMRenderer.swift */; };
		3A670695239A9D9600E23C87 /* Template.metal in Sources */ = {isa = PBXBuildFile; fileRef = 3A670694239A9D9600E23C87 /* Template.metal */; };
		3A99C601239A4B20005BE419 /* SwiftMetal.framework in Frameworks */ = {isa = PBXBuildFile; fileRef = 3A99C5F7239A4B20005BE419 /* SwiftMetal.framework */; };
		3A99C606239A4B20005BE419 /* SwiftMetalTests.swift in Sources */ = {isa = PBXBuildFile; fileRef = 3A99C605239A4B20005BE419 /* SwiftMetalTests.swift */; };
		3A99C608239A4B20005BE419 /* SwiftMetal.h in Headers */ = {isa = PBXBuildFile; fileRef = 3A99C5FA239A4B20005BE419 /* SwiftMetal.h */; settings = {ATTRIBUTES = (Public, ); }; };
		3A99C613239A4B61005BE419 /* SMShader.swift in Sources */ = {isa = PBXBuildFile; fileRef = 3A99C612239A4B61005BE419 /* SMShader.swift */; };
		3A99C616239A4B8E005BE419 /* SMValue.swift in Sources */ = {isa = PBXBuildFile; fileRef = 3A99C615239A4B8E005BE419 /* SMValue.swift */; };
		7422A264239D31F0003FEA65 /* SMFloat.swift in Sources */ = {isa = PBXBuildFile; fileRef = 7422A263239D31F0003FEA65 /* SMFloat.swift */; };
		7422A268239D3438003FEA65 /* Types.swift in Sources */ = {isa = PBXBuildFile; fileRef = 7422A267239D3438003FEA65 /* Types.swift */; };
		744F60B2239EDCF200C51A63 /* Float16.swift in Sources */ = {isa = PBXBuildFile; fileRef = 744F60B1239EDCF200C51A63 /* Float16.swift */; };
		744F60BC239EE2A200C51A63 /* SwiftMetal_macOS.h in Headers */ = {isa = PBXBuildFile; fileRef = 744F60BA239EE2A200C51A63 /* SwiftMetal_macOS.h */; settings = {ATTRIBUTES = (Public, ); }; };
		744F60C9239EE2D100C51A63 /* SwiftMetal_tvOS.h in Headers */ = {isa = PBXBuildFile; fileRef = 744F60C7239EE2D100C51A63 /* SwiftMetal_tvOS.h */; settings = {ATTRIBUTES = (Public, ); }; };
		744F60DA239EE2FA00C51A63 /* Template.metal in Sources */ = {isa = PBXBuildFile; fileRef = 3A670694239A9D9600E23C87 /* Template.metal */; };
		744F60DB239EE2FA00C51A63 /* Template.metal in Sources */ = {isa = PBXBuildFile; fileRef = 3A670694239A9D9600E23C87 /* Template.metal */; };
		744F60DD239EE30000C51A63 /* SMRenderer.swift in Sources */ = {isa = PBXBuildFile; fileRef = 3A670690239A93D400E23C87 /* SMRenderer.swift */; };
		744F60DE239EE30000C51A63 /* SMShader.swift in Sources */ = {isa = PBXBuildFile; fileRef = 3A99C612239A4B61005BE419 /* SMShader.swift */; };
		744F60DF239EE30000C51A63 /* SMCode.swift in Sources */ = {isa = PBXBuildFile; fileRef = 3A67068C239A6CCB00E23C87 /* SMCode.swift */; };
		744F60E0239EE30000C51A63 /* SMBuilder.swift in Sources */ = {isa = PBXBuildFile; fileRef = 3A67068A239A687E00E23C87 /* SMBuilder.swift */; };
		744F60E1239EE30000C51A63 /* SMFunction.swift in Sources */ = {isa = PBXBuildFile; fileRef = 74E5B8FC239C547E00492280 /* SMFunction.swift */; };
		744F60E2239EE30000C51A63 /* Types.swift in Sources */ = {isa = PBXBuildFile; fileRef = 7422A267239D3438003FEA65 /* Types.swift */; };
		744F60E3239EE30100C51A63 /* SMRenderer.swift in Sources */ = {isa = PBXBuildFile; fileRef = 3A670690239A93D400E23C87 /* SMRenderer.swift */; };
		744F60E4239EE30100C51A63 /* SMShader.swift in Sources */ = {isa = PBXBuildFile; fileRef = 3A99C612239A4B61005BE419 /* SMShader.swift */; };
		744F60E5239EE30100C51A63 /* SMCode.swift in Sources */ = {isa = PBXBuildFile; fileRef = 3A67068C239A6CCB00E23C87 /* SMCode.swift */; };
		744F60E6239EE30100C51A63 /* SMBuilder.swift in Sources */ = {isa = PBXBuildFile; fileRef = 3A67068A239A687E00E23C87 /* SMBuilder.swift */; };
		744F60E7239EE30100C51A63 /* SMFunction.swift in Sources */ = {isa = PBXBuildFile; fileRef = 74E5B8FC239C547E00492280 /* SMFunction.swift */; };
		744F60E8239EE30100C51A63 /* Types.swift in Sources */ = {isa = PBXBuildFile; fileRef = 7422A267239D3438003FEA65 /* Types.swift */; };
		744F60EF239EE30400C51A63 /* SMEntity.swift in Sources */ = {isa = PBXBuildFile; fileRef = 3A670680239A61BB00E23C87 /* SMEntity.swift */; };
		744F60F0239EE30400C51A63 /* SMValue.swift in Sources */ = {isa = PBXBuildFile; fileRef = 3A99C615239A4B8E005BE419 /* SMValue.swift */; };
		744F60F1239EE30400C51A63 /* SMFloat.swift in Sources */ = {isa = PBXBuildFile; fileRef = 7422A263239D31F0003FEA65 /* SMFloat.swift */; };
		744F60F2239EE30400C51A63 /* SMTexture.swift in Sources */ = {isa = PBXBuildFile; fileRef = 3A670688239A666300E23C87 /* SMTexture.swift */; };
		744F60F3239EE30500C51A63 /* SMEntity.swift in Sources */ = {isa = PBXBuildFile; fileRef = 3A670680239A61BB00E23C87 /* SMEntity.swift */; };
		744F60F4239EE30500C51A63 /* SMValue.swift in Sources */ = {isa = PBXBuildFile; fileRef = 3A99C615239A4B8E005BE419 /* SMValue.swift */; };
		744F60F5239EE30500C51A63 /* SMFloat.swift in Sources */ = {isa = PBXBuildFile; fileRef = 7422A263239D31F0003FEA65 /* SMFloat.swift */; };
		744F60F6239EE30500C51A63 /* SMTexture.swift in Sources */ = {isa = PBXBuildFile; fileRef = 3A670688239A666300E23C87 /* SMTexture.swift */; };
		744F60FB239EE30700C51A63 /* Float16.swift in Sources */ = {isa = PBXBuildFile; fileRef = 744F60B1239EDCF200C51A63 /* Float16.swift */; };
		744F60FC239EE30800C51A63 /* Float16.swift in Sources */ = {isa = PBXBuildFile; fileRef = 744F60B1239EDCF200C51A63 /* Float16.swift */; };
		744F60FF239EEB0300C51A63 /* TestMedia.xcassets in Resources */ = {isa = PBXBuildFile; fileRef = 74512F24239BE34D008F5FCE /* TestMedia.xcassets */; };
		744F6100239EEB0300C51A63 /* TestMedia.xcassets in Resources */ = {isa = PBXBuildFile; fileRef = 74512F24239BE34D008F5FCE /* TestMedia.xcassets */; };
		744F6108239EEC4E00C51A63 /* main.swift in Sources */ = {isa = PBXBuildFile; fileRef = 744F6107239EEC4E00C51A63 /* main.swift */; };
		744F610C239EEC5A00C51A63 /* SwiftMetal.framework in Frameworks */ = {isa = PBXBuildFile; fileRef = 744F60B8239EE2A200C51A63 /* SwiftMetal.framework */; };
		744F610D239EEC5A00C51A63 /* SwiftMetal.framework in Embed Frameworks */ = {isa = PBXBuildFile; fileRef = 744F60B8239EE2A200C51A63 /* SwiftMetal.framework */; settings = {ATTRIBUTES = (CodeSignOnCopy, RemoveHeadersOnCopy, ); }; };
		74512F25239BE34D008F5FCE /* TestMedia.xcassets in Resources */ = {isa = PBXBuildFile; fileRef = 74512F24239BE34D008F5FCE /* TestMedia.xcassets */; };
		74512F26239BE39D008F5FCE /* TestMedia.xcassets in Resources */ = {isa = PBXBuildFile; fileRef = 74512F24239BE34D008F5FCE /* TestMedia.xcassets */; };
		74E5B8FD239C547E00492280 /* SMFunction.swift in Sources */ = {isa = PBXBuildFile; fileRef = 74E5B8FC239C547E00492280 /* SMFunction.swift */; };
/* End PBXBuildFile section */

/* Begin PBXContainerItemProxy section */
		3A478A19239E557F009AE4D4 /* PBXContainerItemProxy */ = {
			isa = PBXContainerItemProxy;
			containerPortal = 3A99C5EE239A4B20005BE419 /* Project object */;
			proxyType = 1;
			remoteGlobalIDString = 3A99C5F6239A4B20005BE419;
			remoteInfo = SwiftMetal;
		};
		3A99C602239A4B20005BE419 /* PBXContainerItemProxy */ = {
			isa = PBXContainerItemProxy;
			containerPortal = 3A99C5EE239A4B20005BE419 /* Project object */;
			proxyType = 1;
			remoteGlobalIDString = 3A99C5F6239A4B20005BE419;
			remoteInfo = SwiftMetal;
		};
		744F610E239EEC5A00C51A63 /* PBXContainerItemProxy */ = {
			isa = PBXContainerItemProxy;
			containerPortal = 3A99C5EE239A4B20005BE419 /* Project object */;
			proxyType = 1;
			remoteGlobalIDString = 744F60B7239EE2A200C51A63;
			remoteInfo = SwiftMetal_macOS;
		};
/* End PBXContainerItemProxy section */

/* Begin PBXCopyFilesBuildPhase section */
		3A478A1B239E557F009AE4D4 /* Embed Frameworks */ = {
			isa = PBXCopyFilesBuildPhase;
			buildActionMask = 2147483647;
			dstPath = "";
			dstSubfolderSpec = 10;
			files = (
				3A478A18239E557F009AE4D4 /* SwiftMetal.framework in Embed Frameworks */,
			);
			name = "Embed Frameworks";
			runOnlyForDeploymentPostprocessing = 0;
		};
		744F6103239EEC4E00C51A63 /* CopyFiles */ = {
			isa = PBXCopyFilesBuildPhase;
			buildActionMask = 2147483647;
			dstPath = /usr/share/man/man1/;
			dstSubfolderSpec = 0;
			files = (
			);
			runOnlyForDeploymentPostprocessing = 1;
		};
		744F6110239EEC5A00C51A63 /* Embed Frameworks */ = {
			isa = PBXCopyFilesBuildPhase;
			buildActionMask = 2147483647;
			dstPath = "";
			dstSubfolderSpec = 10;
			files = (
				744F610D239EEC5A00C51A63 /* SwiftMetal.framework in Embed Frameworks */,
			);
			name = "Embed Frameworks";
			runOnlyForDeploymentPostprocessing = 0;
		};
/* End PBXCopyFilesBuildPhase section */

/* Begin PBXFileReference section */
		3A478A02239E556B009AE4D4 /* SwiftMetalDemo.app */ = {isa = PBXFileReference; explicitFileType = wrapper.application; includeInIndex = 0; path = SwiftMetalDemo.app; sourceTree = BUILT_PRODUCTS_DIR; };
		3A478A04239E556B009AE4D4 /* AppDelegate.swift */ = {isa = PBXFileReference; lastKnownFileType = sourcecode.swift; path = AppDelegate.swift; sourceTree = "<group>"; };
		3A478A06239E556B009AE4D4 /* SceneDelegate.swift */ = {isa = PBXFileReference; lastKnownFileType = sourcecode.swift; path = SceneDelegate.swift; sourceTree = "<group>"; };
		3A478A08239E556B009AE4D4 /* ContentView.swift */ = {isa = PBXFileReference; lastKnownFileType = sourcecode.swift; path = ContentView.swift; sourceTree = "<group>"; };
		3A478A0A239E556D009AE4D4 /* Assets.xcassets */ = {isa = PBXFileReference; lastKnownFileType = folder.assetcatalog; path = Assets.xcassets; sourceTree = "<group>"; };
		3A478A0D239E556D009AE4D4 /* Preview Assets.xcassets */ = {isa = PBXFileReference; lastKnownFileType = folder.assetcatalog; path = "Preview Assets.xcassets"; sourceTree = "<group>"; };
		3A478A10239E556D009AE4D4 /* Base */ = {isa = PBXFileReference; lastKnownFileType = file.storyboard; name = Base; path = Base.lproj/LaunchScreen.storyboard; sourceTree = "<group>"; };
		3A478A12239E556D009AE4D4 /* Info.plist */ = {isa = PBXFileReference; lastKnownFileType = text.plist.xml; path = Info.plist; sourceTree = "<group>"; };
		3A478A1D239E695E009AE4D4 /* Main.swift */ = {isa = PBXFileReference; lastKnownFileType = sourcecode.swift; path = Main.swift; sourceTree = "<group>"; };
		3A670680239A61BB00E23C87 /* SMEntity.swift */ = {isa = PBXFileReference; lastKnownFileType = sourcecode.swift; path = SMEntity.swift; sourceTree = "<group>"; };
		3A670688239A666300E23C87 /* SMTexture.swift */ = {isa = PBXFileReference; lastKnownFileType = sourcecode.swift; path = SMTexture.swift; sourceTree = "<group>"; };
		3A67068A239A687E00E23C87 /* SMBuilder.swift */ = {isa = PBXFileReference; lastKnownFileType = sourcecode.swift; path = SMBuilder.swift; sourceTree = "<group>"; };
		3A67068C239A6CCB00E23C87 /* SMCode.swift */ = {isa = PBXFileReference; lastKnownFileType = sourcecode.swift; path = SMCode.swift; sourceTree = "<group>"; };
		3A670690239A93D400E23C87 /* SMRenderer.swift */ = {isa = PBXFileReference; lastKnownFileType = sourcecode.swift; path = SMRenderer.swift; sourceTree = "<group>"; };
		3A670694239A9D9600E23C87 /* Template.metal */ = {isa = PBXFileReference; lastKnownFileType = sourcecode.metal; path = Template.metal; sourceTree = "<group>"; };
		3A99C5F7239A4B20005BE419 /* SwiftMetal.framework */ = {isa = PBXFileReference; explicitFileType = wrapper.framework; includeInIndex = 0; path = SwiftMetal.framework; sourceTree = BUILT_PRODUCTS_DIR; };
		3A99C5FA239A4B20005BE419 /* SwiftMetal.h */ = {isa = PBXFileReference; lastKnownFileType = sourcecode.c.h; path = SwiftMetal.h; sourceTree = "<group>"; };
		3A99C5FB239A4B20005BE419 /* Info.plist */ = {isa = PBXFileReference; lastKnownFileType = text.plist.xml; path = Info.plist; sourceTree = "<group>"; };
		3A99C600239A4B20005BE419 /* SwiftMetalTests.xctest */ = {isa = PBXFileReference; explicitFileType = wrapper.cfbundle; includeInIndex = 0; path = SwiftMetalTests.xctest; sourceTree = BUILT_PRODUCTS_DIR; };
		3A99C605239A4B20005BE419 /* SwiftMetalTests.swift */ = {isa = PBXFileReference; lastKnownFileType = sourcecode.swift; path = SwiftMetalTests.swift; sourceTree = "<group>"; };
		3A99C607239A4B20005BE419 /* Info.plist */ = {isa = PBXFileReference; lastKnownFileType = text.plist.xml; path = Info.plist; sourceTree = "<group>"; };
		3A99C612239A4B61005BE419 /* SMShader.swift */ = {isa = PBXFileReference; lastKnownFileType = sourcecode.swift; path = SMShader.swift; sourceTree = "<group>"; };
		3A99C615239A4B8E005BE419 /* SMValue.swift */ = {isa = PBXFileReference; lastKnownFileType = sourcecode.swift; path = SMValue.swift; sourceTree = "<group>"; };
		7422A263239D31F0003FEA65 /* SMFloat.swift */ = {isa = PBXFileReference; lastKnownFileType = sourcecode.swift; path = SMFloat.swift; sourceTree = "<group>"; };
		7422A267239D3438003FEA65 /* Types.swift */ = {isa = PBXFileReference; lastKnownFileType = sourcecode.swift; path = Types.swift; sourceTree = "<group>"; };
		744F60B1239EDCF200C51A63 /* Float16.swift */ = {isa = PBXFileReference; lastKnownFileType = sourcecode.swift; path = Float16.swift; sourceTree = "<group>"; };
		744F60B8239EE2A200C51A63 /* SwiftMetal.framework */ = {isa = PBXFileReference; explicitFileType = wrapper.framework; includeInIndex = 0; path = SwiftMetal.framework; sourceTree = BUILT_PRODUCTS_DIR; };
		744F60BA239EE2A200C51A63 /* SwiftMetal_macOS.h */ = {isa = PBXFileReference; lastKnownFileType = sourcecode.c.h; path = SwiftMetal_macOS.h; sourceTree = "<group>"; };
		744F60C5239EE2D100C51A63 /* SwiftMetal.framework */ = {isa = PBXFileReference; explicitFileType = wrapper.framework; includeInIndex = 0; path = SwiftMetal.framework; sourceTree = BUILT_PRODUCTS_DIR; };
		744F60C7239EE2D100C51A63 /* SwiftMetal_tvOS.h */ = {isa = PBXFileReference; lastKnownFileType = sourcecode.c.h; path = SwiftMetal_tvOS.h; sourceTree = "<group>"; };
		744F6105239EEC4E00C51A63 /* SwiftMetalTool */ = {isa = PBXFileReference; explicitFileType = "compiled.mach-o.executable"; includeInIndex = 0; path = SwiftMetalTool; sourceTree = BUILT_PRODUCTS_DIR; };
		744F6107239EEC4E00C51A63 /* main.swift */ = {isa = PBXFileReference; lastKnownFileType = sourcecode.swift; path = main.swift; sourceTree = "<group>"; };
		74512F24239BE34D008F5FCE /* TestMedia.xcassets */ = {isa = PBXFileReference; lastKnownFileType = folder.assetcatalog; path = TestMedia.xcassets; sourceTree = "<group>"; };
		74E5B8FC239C547E00492280 /* SMFunction.swift */ = {isa = PBXFileReference; lastKnownFileType = sourcecode.swift; path = SMFunction.swift; sourceTree = "<group>"; };
/* End PBXFileReference section */

/* Begin PBXFrameworksBuildPhase section */
		3A4789FF239E556B009AE4D4 /* Frameworks */ = {
			isa = PBXFrameworksBuildPhase;
			buildActionMask = 2147483647;
			files = (
				3A478A17239E557F009AE4D4 /* SwiftMetal.framework in Frameworks */,
			);
			runOnlyForDeploymentPostprocessing = 0;
		};
		3A99C5F4239A4B20005BE419 /* Frameworks */ = {
			isa = PBXFrameworksBuildPhase;
			buildActionMask = 2147483647;
			files = (
			);
			runOnlyForDeploymentPostprocessing = 0;
		};
		3A99C5FD239A4B20005BE419 /* Frameworks */ = {
			isa = PBXFrameworksBuildPhase;
			buildActionMask = 2147483647;
			files = (
				3A99C601239A4B20005BE419 /* SwiftMetal.framework in Frameworks */,
			);
			runOnlyForDeploymentPostprocessing = 0;
		};
		744F60B5239EE2A200C51A63 /* Frameworks */ = {
			isa = PBXFrameworksBuildPhase;
			buildActionMask = 2147483647;
			files = (
			);
			runOnlyForDeploymentPostprocessing = 0;
		};
		744F60C2239EE2D100C51A63 /* Frameworks */ = {
			isa = PBXFrameworksBuildPhase;
			buildActionMask = 2147483647;
			files = (
			);
			runOnlyForDeploymentPostprocessing = 0;
		};
		744F6102239EEC4E00C51A63 /* Frameworks */ = {
			isa = PBXFrameworksBuildPhase;
			buildActionMask = 2147483647;
			files = (
				744F610C239EEC5A00C51A63 /* SwiftMetal.framework in Frameworks */,
			);
			runOnlyForDeploymentPostprocessing = 0;
		};
/* End PBXFrameworksBuildPhase section */

/* Begin PBXGroup section */
		3A478A03239E556B009AE4D4 /* SwiftMetalDemo */ = {
			isa = PBXGroup;
			children = (
				3A478A04239E556B009AE4D4 /* AppDelegate.swift */,
				3A478A06239E556B009AE4D4 /* SceneDelegate.swift */,
				3A478A08239E556B009AE4D4 /* ContentView.swift */,
				3A478A1D239E695E009AE4D4 /* Main.swift */,
				3A478A0A239E556D009AE4D4 /* Assets.xcassets */,
				3A478A0F239E556D009AE4D4 /* LaunchScreen.storyboard */,
				3A478A12239E556D009AE4D4 /* Info.plist */,
				3A478A0C239E556D009AE4D4 /* Preview Content */,
			);
			path = SwiftMetalDemo;
			sourceTree = "<group>";
		};
		3A478A0C239E556D009AE4D4 /* Preview Content */ = {
			isa = PBXGroup;
			children = (
				3A478A0D239E556D009AE4D4 /* Preview Assets.xcassets */,
			);
			path = "Preview Content";
			sourceTree = "<group>";
		};
		3A478A16239E557F009AE4D4 /* Frameworks */ = {
			isa = PBXGroup;
			children = (
			);
			name = Frameworks;
			sourceTree = "<group>";
		};
		3A67067F239A61A900E23C87 /* Types */ = {
			isa = PBXGroup;
			children = (
				3A670680239A61BB00E23C87 /* SMEntity.swift */,
				3A99C615239A4B8E005BE419 /* SMValue.swift */,
				7422A263239D31F0003FEA65 /* SMFloat.swift */,
				3A670688239A666300E23C87 /* SMTexture.swift */,
			);
			path = Types;
			sourceTree = "<group>";
		};
		3A99C5ED239A4B20005BE419 = {
			isa = PBXGroup;
			children = (
				3A99C5F9239A4B20005BE419 /* Sources */,
				3A99C611239A4B37005BE419 /* Resources */,
				3A99C604239A4B20005BE419 /* SwiftMetalTests */,
				3A478A03239E556B009AE4D4 /* SwiftMetalDemo */,
				744F6106239EEC4E00C51A63 /* SwiftMetalTool */,
				3A99C5F8239A4B20005BE419 /* Products */,
				3A478A16239E557F009AE4D4 /* Frameworks */,
			);
			sourceTree = "<group>";
		};
		3A99C5F8239A4B20005BE419 /* Products */ = {
			isa = PBXGroup;
			children = (
				3A99C5F7239A4B20005BE419 /* SwiftMetal.framework */,
				3A99C600239A4B20005BE419 /* SwiftMetalTests.xctest */,
				3A478A02239E556B009AE4D4 /* SwiftMetalDemo.app */,
				744F60B8239EE2A200C51A63 /* SwiftMetal.framework */,
				744F60C5239EE2D100C51A63 /* SwiftMetal.framework */,
				744F6105239EEC4E00C51A63 /* SwiftMetalTool */,
			);
			name = Products;
			sourceTree = "<group>";
		};
		3A99C5F9239A4B20005BE419 /* Sources */ = {
			isa = PBXGroup;
			children = (
				3A670694239A9D9600E23C87 /* Template.metal */,
				3A670690239A93D400E23C87 /* SMRenderer.swift */,
				3A99C612239A4B61005BE419 /* SMShader.swift */,
				3A67068C239A6CCB00E23C87 /* SMCode.swift */,
				3A67068A239A687E00E23C87 /* SMBuilder.swift */,
				74E5B8FC239C547E00492280 /* SMFunction.swift */,
				7422A267239D3438003FEA65 /* Types.swift */,
				3A67067F239A61A900E23C87 /* Types */,
				744F60B0239EDCE600C51A63 /* Other */,
			);
			path = Sources;
			sourceTree = "<group>";
		};
		3A99C604239A4B20005BE419 /* SwiftMetalTests */ = {
			isa = PBXGroup;
			children = (
				3A99C605239A4B20005BE419 /* SwiftMetalTests.swift */,
				3A99C607239A4B20005BE419 /* Info.plist */,
			);
			path = SwiftMetalTests;
			sourceTree = "<group>";
		};
		3A99C611239A4B37005BE419 /* Resources */ = {
			isa = PBXGroup;
			children = (
				3A99C5FB239A4B20005BE419 /* Info.plist */,
				74512F24239BE34D008F5FCE /* TestMedia.xcassets */,
				744F60FE239EE43100C51A63 /* Headers */,
			);
			path = Resources;
			sourceTree = "<group>";
		};
		744F60B0239EDCE600C51A63 /* Other */ = {
			isa = PBXGroup;
			children = (
				744F60B1239EDCF200C51A63 /* Float16.swift */,
			);
			path = Other;
			sourceTree = "<group>";
		};
		744F60FE239EE43100C51A63 /* Headers */ = {
			isa = PBXGroup;
			children = (
				3A99C5FA239A4B20005BE419 /* SwiftMetal.h */,
				744F60BA239EE2A200C51A63 /* SwiftMetal_macOS.h */,
				744F60C7239EE2D100C51A63 /* SwiftMetal_tvOS.h */,
			);
			path = Headers;
			sourceTree = "<group>";
		};
		744F6106239EEC4E00C51A63 /* SwiftMetalTool */ = {
			isa = PBXGroup;
			children = (
				744F6107239EEC4E00C51A63 /* main.swift */,
			);
			path = SwiftMetalTool;
			sourceTree = "<group>";
		};
/* End PBXGroup section */

/* Begin PBXHeadersBuildPhase section */
		3A99C5F2239A4B20005BE419 /* Headers */ = {
			isa = PBXHeadersBuildPhase;
			buildActionMask = 2147483647;
			files = (
				3A99C608239A4B20005BE419 /* SwiftMetal.h in Headers */,
			);
			runOnlyForDeploymentPostprocessing = 0;
		};
		744F60B3239EE2A200C51A63 /* Headers */ = {
			isa = PBXHeadersBuildPhase;
			buildActionMask = 2147483647;
			files = (
				744F60BC239EE2A200C51A63 /* SwiftMetal_macOS.h in Headers */,
			);
			runOnlyForDeploymentPostprocessing = 0;
		};
		744F60C0239EE2D100C51A63 /* Headers */ = {
			isa = PBXHeadersBuildPhase;
			buildActionMask = 2147483647;
			files = (
				744F60C9239EE2D100C51A63 /* SwiftMetal_tvOS.h in Headers */,
			);
			runOnlyForDeploymentPostprocessing = 0;
		};
/* End PBXHeadersBuildPhase section */

/* Begin PBXNativeTarget section */
		3A478A01239E556B009AE4D4 /* SwiftMetalDemo */ = {
			isa = PBXNativeTarget;
			buildConfigurationList = 3A478A13239E556D009AE4D4 /* Build configuration list for PBXNativeTarget "SwiftMetalDemo" */;
			buildPhases = (
				3A4789FE239E556B009AE4D4 /* Sources */,
				3A4789FF239E556B009AE4D4 /* Frameworks */,
				3A478A00239E556B009AE4D4 /* Resources */,
				3A478A1B239E557F009AE4D4 /* Embed Frameworks */,
			);
			buildRules = (
			);
			dependencies = (
				3A478A1A239E557F009AE4D4 /* PBXTargetDependency */,
			);
			name = SwiftMetalDemo;
			productName = SwiftMetalDemo;
			productReference = 3A478A02239E556B009AE4D4 /* SwiftMetalDemo.app */;
			productType = "com.apple.product-type.application";
		};
		3A99C5F6239A4B20005BE419 /* SwiftMetal_iOS */ = {
			isa = PBXNativeTarget;
			buildConfigurationList = 3A99C60B239A4B20005BE419 /* Build configuration list for PBXNativeTarget "SwiftMetal_iOS" */;
			buildPhases = (
				3A99C5F2239A4B20005BE419 /* Headers */,
				3A99C5F3239A4B20005BE419 /* Sources */,
				3A99C5F4239A4B20005BE419 /* Frameworks */,
				3A99C5F5239A4B20005BE419 /* Resources */,
			);
			buildRules = (
			);
			dependencies = (
			);
			name = SwiftMetal_iOS;
			productName = SwiftMetal;
			productReference = 3A99C5F7239A4B20005BE419 /* SwiftMetal.framework */;
			productType = "com.apple.product-type.framework";
		};
		3A99C5FF239A4B20005BE419 /* SwiftMetalTests */ = {
			isa = PBXNativeTarget;
			buildConfigurationList = 3A99C60E239A4B20005BE419 /* Build configuration list for PBXNativeTarget "SwiftMetalTests" */;
			buildPhases = (
				3A99C5FC239A4B20005BE419 /* Sources */,
				3A99C5FD239A4B20005BE419 /* Frameworks */,
				3A99C5FE239A4B20005BE419 /* Resources */,
			);
			buildRules = (
			);
			dependencies = (
				3A99C603239A4B20005BE419 /* PBXTargetDependency */,
			);
			name = SwiftMetalTests;
			productName = SwiftMetalTests;
			productReference = 3A99C600239A4B20005BE419 /* SwiftMetalTests.xctest */;
			productType = "com.apple.product-type.bundle.unit-test";
		};
		744F60B7239EE2A200C51A63 /* SwiftMetal_macOS */ = {
			isa = PBXNativeTarget;
			buildConfigurationList = 744F60BD239EE2A200C51A63 /* Build configuration list for PBXNativeTarget "SwiftMetal_macOS" */;
			buildPhases = (
				744F60B3239EE2A200C51A63 /* Headers */,
				744F60B4239EE2A200C51A63 /* Sources */,
				744F60B5239EE2A200C51A63 /* Frameworks */,
				744F60B6239EE2A200C51A63 /* Resources */,
			);
			buildRules = (
			);
			dependencies = (
			);
			name = SwiftMetal_macOS;
			productName = SwiftMetal_macOS;
			productReference = 744F60B8239EE2A200C51A63 /* SwiftMetal.framework */;
			productType = "com.apple.product-type.framework";
		};
		744F60C4239EE2D100C51A63 /* SwiftMetal_tvOS */ = {
			isa = PBXNativeTarget;
			buildConfigurationList = 744F60CA239EE2D100C51A63 /* Build configuration list for PBXNativeTarget "SwiftMetal_tvOS" */;
			buildPhases = (
				744F60C0239EE2D100C51A63 /* Headers */,
				744F60C1239EE2D100C51A63 /* Sources */,
				744F60C2239EE2D100C51A63 /* Frameworks */,
				744F60C3239EE2D100C51A63 /* Resources */,
			);
			buildRules = (
			);
			dependencies = (
			);
			name = SwiftMetal_tvOS;
			productName = SwiftMetal_tvOS;
			productReference = 744F60C5239EE2D100C51A63 /* SwiftMetal.framework */;
			productType = "com.apple.product-type.framework";
		};
		744F6104239EEC4E00C51A63 /* SwiftMetalTool */ = {
			isa = PBXNativeTarget;
			buildConfigurationList = 744F6109239EEC4E00C51A63 /* Build configuration list for PBXNativeTarget "SwiftMetalTool" */;
			buildPhases = (
				744F6101239EEC4E00C51A63 /* Sources */,
				744F6102239EEC4E00C51A63 /* Frameworks */,
				744F6103239EEC4E00C51A63 /* CopyFiles */,
				744F6110239EEC5A00C51A63 /* Embed Frameworks */,
			);
			buildRules = (
			);
			dependencies = (
				744F610F239EEC5A00C51A63 /* PBXTargetDependency */,
			);
			name = SwiftMetalTool;
			productName = SwiftMetalTool;
			productReference = 744F6105239EEC4E00C51A63 /* SwiftMetalTool */;
			productType = "com.apple.product-type.tool";
		};
/* End PBXNativeTarget section */

/* Begin PBXProject section */
		3A99C5EE239A4B20005BE419 /* Project object */ = {
			isa = PBXProject;
			attributes = {
				LastSwiftUpdateCheck = 1130;
				LastUpgradeCheck = 1120;
				ORGANIZATIONNAME = Hexagons;
				TargetAttributes = {
					3A478A01239E556B009AE4D4 = {
						CreatedOnToolsVersion = 11.2.1;
					};
					3A99C5F6239A4B20005BE419 = {
						CreatedOnToolsVersion = 11.2.1;
						LastSwiftMigration = 1120;
					};
					3A99C5FF239A4B20005BE419 = {
						CreatedOnToolsVersion = 11.2.1;
					};
					744F60B7239EE2A200C51A63 = {
						CreatedOnToolsVersion = 11.3;
					};
					744F60C4239EE2D100C51A63 = {
						CreatedOnToolsVersion = 11.3;
					};
					744F6104239EEC4E00C51A63 = {
						CreatedOnToolsVersion = 11.3;
					};
				};
			};
			buildConfigurationList = 3A99C5F1239A4B20005BE419 /* Build configuration list for PBXProject "SwiftMetal" */;
			compatibilityVersion = "Xcode 9.3";
			developmentRegion = en;
			hasScannedForEncodings = 0;
			knownRegions = (
				en,
				Base,
			);
			mainGroup = 3A99C5ED239A4B20005BE419;
			productRefGroup = 3A99C5F8239A4B20005BE419 /* Products */;
			projectDirPath = "";
			projectRoot = "";
			targets = (
				3A99C5F6239A4B20005BE419 /* SwiftMetal_iOS */,
				744F60B7239EE2A200C51A63 /* SwiftMetal_macOS */,
				744F60C4239EE2D100C51A63 /* SwiftMetal_tvOS */,
				3A99C5FF239A4B20005BE419 /* SwiftMetalTests */,
				3A478A01239E556B009AE4D4 /* SwiftMetalDemo */,
				744F6104239EEC4E00C51A63 /* SwiftMetalTool */,
			);
		};
/* End PBXProject section */

/* Begin PBXResourcesBuildPhase section */
		3A478A00239E556B009AE4D4 /* Resources */ = {
			isa = PBXResourcesBuildPhase;
			buildActionMask = 2147483647;
			files = (
				3A478A11239E556D009AE4D4 /* LaunchScreen.storyboard in Resources */,
				3A478A0E239E556D009AE4D4 /* Preview Assets.xcassets in Resources */,
				3A478A1C239E55A8009AE4D4 /* TestMedia.xcassets in Resources */,
				3A478A0B239E556D009AE4D4 /* Assets.xcassets in Resources */,
			);
			runOnlyForDeploymentPostprocessing = 0;
		};
		3A99C5F5239A4B20005BE419 /* Resources */ = {
			isa = PBXResourcesBuildPhase;
			buildActionMask = 2147483647;
			files = (
				74512F25239BE34D008F5FCE /* TestMedia.xcassets in Resources */,
			);
			runOnlyForDeploymentPostprocessing = 0;
		};
		3A99C5FE239A4B20005BE419 /* Resources */ = {
			isa = PBXResourcesBuildPhase;
			buildActionMask = 2147483647;
			files = (
				74512F26239BE39D008F5FCE /* TestMedia.xcassets in Resources */,
			);
			runOnlyForDeploymentPostprocessing = 0;
		};
		744F60B6239EE2A200C51A63 /* Resources */ = {
			isa = PBXResourcesBuildPhase;
			buildActionMask = 2147483647;
			files = (
				744F60FF239EEB0300C51A63 /* TestMedia.xcassets in Resources */,
			);
			runOnlyForDeploymentPostprocessing = 0;
		};
		744F60C3239EE2D100C51A63 /* Resources */ = {
			isa = PBXResourcesBuildPhase;
			buildActionMask = 2147483647;
			files = (
				744F6100239EEB0300C51A63 /* TestMedia.xcassets in Resources */,
			);
			runOnlyForDeploymentPostprocessing = 0;
		};
/* End PBXResourcesBuildPhase section */

/* Begin PBXSourcesBuildPhase section */
		3A4789FE239E556B009AE4D4 /* Sources */ = {
			isa = PBXSourcesBuildPhase;
			buildActionMask = 2147483647;
			files = (
				3A478A05239E556B009AE4D4 /* AppDelegate.swift in Sources */,
				3A478A07239E556B009AE4D4 /* SceneDelegate.swift in Sources */,
				3A478A1E239E695E009AE4D4 /* Main.swift in Sources */,
				3A478A09239E556B009AE4D4 /* ContentView.swift in Sources */,
			);
			runOnlyForDeploymentPostprocessing = 0;
		};
		3A99C5F3239A4B20005BE419 /* Sources */ = {
			isa = PBXSourcesBuildPhase;
			buildActionMask = 2147483647;
			files = (
				3A67068D239A6CCB00E23C87 /* SMCode.swift in Sources */,
				744F60B2239EDCF200C51A63 /* Float16.swift in Sources */,
				3A67068B239A687E00E23C87 /* SMBuilder.swift in Sources */,
				3A670691239A93D400E23C87 /* SMRenderer.swift in Sources */,
				3A99C616239A4B8E005BE419 /* SMValue.swift in Sources */,
				74E5B8FD239C547E00492280 /* SMFunction.swift in Sources */,
				7422A264239D31F0003FEA65 /* SMFloat.swift in Sources */,
				3A670689239A666300E23C87 /* SMTexture.swift in Sources */,
				3A99C613239A4B61005BE419 /* SMShader.swift in Sources */,
				7422A268239D3438003FEA65 /* Types.swift in Sources */,
				3A670681239A61BB00E23C87 /* SMEntity.swift in Sources */,
				3A670695239A9D9600E23C87 /* Template.metal in Sources */,
			);
			runOnlyForDeploymentPostprocessing = 0;
		};
		3A99C5FC239A4B20005BE419 /* Sources */ = {
			isa = PBXSourcesBuildPhase;
			buildActionMask = 2147483647;
			files = (
				3A99C606239A4B20005BE419 /* SwiftMetalTests.swift in Sources */,
			);
			runOnlyForDeploymentPostprocessing = 0;
		};
		744F60B4239EE2A200C51A63 /* Sources */ = {
			isa = PBXSourcesBuildPhase;
			buildActionMask = 2147483647;
			files = (
				744F60DD239EE30000C51A63 /* SMRenderer.swift in Sources */,
				744F60FB239EE30700C51A63 /* Float16.swift in Sources */,
				744F60E1239EE30000C51A63 /* SMFunction.swift in Sources */,
				744F60DA239EE2FA00C51A63 /* Template.metal in Sources */,
				744F60F0239EE30400C51A63 /* SMValue.swift in Sources */,
				744F60F1239EE30400C51A63 /* SMFloat.swift in Sources */,
				744F60E2239EE30000C51A63 /* Types.swift in Sources */,
				744F60F2239EE30400C51A63 /* SMTexture.swift in Sources */,
				744F60DF239EE30000C51A63 /* SMCode.swift in Sources */,
				744F60DE239EE30000C51A63 /* SMShader.swift in Sources */,
				744F60EF239EE30400C51A63 /* SMEntity.swift in Sources */,
				744F60E0239EE30000C51A63 /* SMBuilder.swift in Sources */,
			);
			runOnlyForDeploymentPostprocessing = 0;
		};
		744F60C1239EE2D100C51A63 /* Sources */ = {
			isa = PBXSourcesBuildPhase;
			buildActionMask = 2147483647;
			files = (
				744F60E3239EE30100C51A63 /* SMRenderer.swift in Sources */,
				744F60FC239EE30800C51A63 /* Float16.swift in Sources */,
				744F60E7239EE30100C51A63 /* SMFunction.swift in Sources */,
				744F60DB239EE2FA00C51A63 /* Template.metal in Sources */,
				744F60F4239EE30500C51A63 /* SMValue.swift in Sources */,
				744F60F5239EE30500C51A63 /* SMFloat.swift in Sources */,
				744F60E8239EE30100C51A63 /* Types.swift in Sources */,
				744F60F6239EE30500C51A63 /* SMTexture.swift in Sources */,
				744F60E5239EE30100C51A63 /* SMCode.swift in Sources */,
				744F60E4239EE30100C51A63 /* SMShader.swift in Sources */,
				744F60F3239EE30500C51A63 /* SMEntity.swift in Sources */,
				744F60E6239EE30100C51A63 /* SMBuilder.swift in Sources */,
			);
			runOnlyForDeploymentPostprocessing = 0;
		};
		744F6101239EEC4E00C51A63 /* Sources */ = {
			isa = PBXSourcesBuildPhase;
			buildActionMask = 2147483647;
			files = (
				744F6108239EEC4E00C51A63 /* main.swift in Sources */,
			);
			runOnlyForDeploymentPostprocessing = 0;
		};
/* End PBXSourcesBuildPhase section */

/* Begin PBXTargetDependency section */
		3A478A1A239E557F009AE4D4 /* PBXTargetDependency */ = {
			isa = PBXTargetDependency;
			target = 3A99C5F6239A4B20005BE419 /* SwiftMetal_iOS */;
			targetProxy = 3A478A19239E557F009AE4D4 /* PBXContainerItemProxy */;
		};
		3A99C603239A4B20005BE419 /* PBXTargetDependency */ = {
			isa = PBXTargetDependency;
			target = 3A99C5F6239A4B20005BE419 /* SwiftMetal_iOS */;
			targetProxy = 3A99C602239A4B20005BE419 /* PBXContainerItemProxy */;
		};
		744F610F239EEC5A00C51A63 /* PBXTargetDependency */ = {
			isa = PBXTargetDependency;
			target = 744F60B7239EE2A200C51A63 /* SwiftMetal_macOS */;
			targetProxy = 744F610E239EEC5A00C51A63 /* PBXContainerItemProxy */;
		};
/* End PBXTargetDependency section */

/* Begin PBXVariantGroup section */
		3A478A0F239E556D009AE4D4 /* LaunchScreen.storyboard */ = {
			isa = PBXVariantGroup;
			children = (
				3A478A10239E556D009AE4D4 /* Base */,
			);
			name = LaunchScreen.storyboard;
			sourceTree = "<group>";
		};
/* End PBXVariantGroup section */

/* Begin XCBuildConfiguration section */
		3A478A14239E556D009AE4D4 /* Debug */ = {
			isa = XCBuildConfiguration;
			buildSettings = {
				ASSETCATALOG_COMPILER_APPICON_NAME = AppIcon;
				CODE_SIGN_STYLE = Automatic;
				DEVELOPMENT_ASSET_PATHS = "\"SwiftMetalDemo/Preview Content\"";
				DEVELOPMENT_TEAM = 2QHTY6FMW2;
				ENABLE_PREVIEWS = YES;
				INFOPLIST_FILE = SwiftMetalDemo/Info.plist;
				LD_RUNPATH_SEARCH_PATHS = (
					"$(inherited)",
					"@executable_path/Frameworks",
				);
				PRODUCT_BUNDLE_IDENTIFIER = se.hexagons.SwiftMetalDemo;
				PRODUCT_NAME = "$(TARGET_NAME)";
				SWIFT_VERSION = 5.0;
				TARGETED_DEVICE_FAMILY = "1,2";
			};
			name = Debug;
		};
		3A478A15239E556D009AE4D4 /* Release */ = {
			isa = XCBuildConfiguration;
			buildSettings = {
				ASSETCATALOG_COMPILER_APPICON_NAME = AppIcon;
				CODE_SIGN_STYLE = Automatic;
				DEVELOPMENT_ASSET_PATHS = "\"SwiftMetalDemo/Preview Content\"";
				DEVELOPMENT_TEAM = 2QHTY6FMW2;
				ENABLE_PREVIEWS = YES;
				INFOPLIST_FILE = SwiftMetalDemo/Info.plist;
				LD_RUNPATH_SEARCH_PATHS = (
					"$(inherited)",
					"@executable_path/Frameworks",
				);
				PRODUCT_BUNDLE_IDENTIFIER = se.hexagons.SwiftMetalDemo;
				PRODUCT_NAME = "$(TARGET_NAME)";
				SWIFT_VERSION = 5.0;
				TARGETED_DEVICE_FAMILY = "1,2";
			};
			name = Release;
		};
		3A99C609239A4B20005BE419 /* Debug */ = {
			isa = XCBuildConfiguration;
			buildSettings = {
				ALWAYS_SEARCH_USER_PATHS = NO;
				CLANG_ANALYZER_NONNULL = YES;
				CLANG_ANALYZER_NUMBER_OBJECT_CONVERSION = YES_AGGRESSIVE;
				CLANG_CXX_LANGUAGE_STANDARD = "gnu++14";
				CLANG_CXX_LIBRARY = "libc++";
				CLANG_ENABLE_MODULES = YES;
				CLANG_ENABLE_OBJC_ARC = YES;
				CLANG_ENABLE_OBJC_WEAK = YES;
				CLANG_WARN_BLOCK_CAPTURE_AUTORELEASING = YES;
				CLANG_WARN_BOOL_CONVERSION = YES;
				CLANG_WARN_COMMA = YES;
				CLANG_WARN_CONSTANT_CONVERSION = YES;
				CLANG_WARN_DEPRECATED_OBJC_IMPLEMENTATIONS = YES;
				CLANG_WARN_DIRECT_OBJC_ISA_USAGE = YES_ERROR;
				CLANG_WARN_DOCUMENTATION_COMMENTS = YES;
				CLANG_WARN_EMPTY_BODY = YES;
				CLANG_WARN_ENUM_CONVERSION = YES;
				CLANG_WARN_INFINITE_RECURSION = YES;
				CLANG_WARN_INT_CONVERSION = YES;
				CLANG_WARN_NON_LITERAL_NULL_CONVERSION = YES;
				CLANG_WARN_OBJC_IMPLICIT_RETAIN_SELF = YES;
				CLANG_WARN_OBJC_LITERAL_CONVERSION = YES;
				CLANG_WARN_OBJC_ROOT_CLASS = YES_ERROR;
				CLANG_WARN_RANGE_LOOP_ANALYSIS = YES;
				CLANG_WARN_STRICT_PROTOTYPES = YES;
				CLANG_WARN_SUSPICIOUS_MOVE = YES;
				CLANG_WARN_UNGUARDED_AVAILABILITY = YES_AGGRESSIVE;
				CLANG_WARN_UNREACHABLE_CODE = YES;
				CLANG_WARN__DUPLICATE_METHOD_MATCH = YES;
				COPY_PHASE_STRIP = NO;
				CURRENT_PROJECT_VERSION = 1;
				DEBUG_INFORMATION_FORMAT = dwarf;
				ENABLE_STRICT_OBJC_MSGSEND = YES;
				ENABLE_TESTABILITY = YES;
				GCC_C_LANGUAGE_STANDARD = gnu11;
				GCC_DYNAMIC_NO_PIC = NO;
				GCC_NO_COMMON_BLOCKS = YES;
				GCC_OPTIMIZATION_LEVEL = 0;
				GCC_PREPROCESSOR_DEFINITIONS = (
					"DEBUG=1",
					"$(inherited)",
				);
				GCC_WARN_64_TO_32_BIT_CONVERSION = YES;
				GCC_WARN_ABOUT_RETURN_TYPE = YES_ERROR;
				GCC_WARN_UNDECLARED_SELECTOR = YES;
				GCC_WARN_UNINITIALIZED_AUTOS = YES_AGGRESSIVE;
				GCC_WARN_UNUSED_FUNCTION = YES;
				GCC_WARN_UNUSED_VARIABLE = YES;
				IPHONEOS_DEPLOYMENT_TARGET = 13.2;
				MTL_ENABLE_DEBUG_INFO = INCLUDE_SOURCE;
				MTL_FAST_MATH = YES;
				ONLY_ACTIVE_ARCH = YES;
				SDKROOT = iphoneos;
				SWIFT_ACTIVE_COMPILATION_CONDITIONS = DEBUG;
				SWIFT_OPTIMIZATION_LEVEL = "-Onone";
				VERSIONING_SYSTEM = "apple-generic";
				VERSION_INFO_PREFIX = "";
			};
			name = Debug;
		};
		3A99C60A239A4B20005BE419 /* Release */ = {
			isa = XCBuildConfiguration;
			buildSettings = {
				ALWAYS_SEARCH_USER_PATHS = NO;
				CLANG_ANALYZER_NONNULL = YES;
				CLANG_ANALYZER_NUMBER_OBJECT_CONVERSION = YES_AGGRESSIVE;
				CLANG_CXX_LANGUAGE_STANDARD = "gnu++14";
				CLANG_CXX_LIBRARY = "libc++";
				CLANG_ENABLE_MODULES = YES;
				CLANG_ENABLE_OBJC_ARC = YES;
				CLANG_ENABLE_OBJC_WEAK = YES;
				CLANG_WARN_BLOCK_CAPTURE_AUTORELEASING = YES;
				CLANG_WARN_BOOL_CONVERSION = YES;
				CLANG_WARN_COMMA = YES;
				CLANG_WARN_CONSTANT_CONVERSION = YES;
				CLANG_WARN_DEPRECATED_OBJC_IMPLEMENTATIONS = YES;
				CLANG_WARN_DIRECT_OBJC_ISA_USAGE = YES_ERROR;
				CLANG_WARN_DOCUMENTATION_COMMENTS = YES;
				CLANG_WARN_EMPTY_BODY = YES;
				CLANG_WARN_ENUM_CONVERSION = YES;
				CLANG_WARN_INFINITE_RECURSION = YES;
				CLANG_WARN_INT_CONVERSION = YES;
				CLANG_WARN_NON_LITERAL_NULL_CONVERSION = YES;
				CLANG_WARN_OBJC_IMPLICIT_RETAIN_SELF = YES;
				CLANG_WARN_OBJC_LITERAL_CONVERSION = YES;
				CLANG_WARN_OBJC_ROOT_CLASS = YES_ERROR;
				CLANG_WARN_RANGE_LOOP_ANALYSIS = YES;
				CLANG_WARN_STRICT_PROTOTYPES = YES;
				CLANG_WARN_SUSPICIOUS_MOVE = YES;
				CLANG_WARN_UNGUARDED_AVAILABILITY = YES_AGGRESSIVE;
				CLANG_WARN_UNREACHABLE_CODE = YES;
				CLANG_WARN__DUPLICATE_METHOD_MATCH = YES;
				COPY_PHASE_STRIP = NO;
				CURRENT_PROJECT_VERSION = 1;
				DEBUG_INFORMATION_FORMAT = "dwarf-with-dsym";
				ENABLE_NS_ASSERTIONS = NO;
				ENABLE_STRICT_OBJC_MSGSEND = YES;
				GCC_C_LANGUAGE_STANDARD = gnu11;
				GCC_NO_COMMON_BLOCKS = YES;
				GCC_WARN_64_TO_32_BIT_CONVERSION = YES;
				GCC_WARN_ABOUT_RETURN_TYPE = YES_ERROR;
				GCC_WARN_UNDECLARED_SELECTOR = YES;
				GCC_WARN_UNINITIALIZED_AUTOS = YES_AGGRESSIVE;
				GCC_WARN_UNUSED_FUNCTION = YES;
				GCC_WARN_UNUSED_VARIABLE = YES;
				IPHONEOS_DEPLOYMENT_TARGET = 13.2;
				MTL_ENABLE_DEBUG_INFO = NO;
				MTL_FAST_MATH = YES;
				SDKROOT = iphoneos;
				SWIFT_COMPILATION_MODE = wholemodule;
				SWIFT_OPTIMIZATION_LEVEL = "-O";
				VALIDATE_PRODUCT = YES;
				VERSIONING_SYSTEM = "apple-generic";
				VERSION_INFO_PREFIX = "";
			};
			name = Release;
		};
		3A99C60C239A4B20005BE419 /* Debug */ = {
			isa = XCBuildConfiguration;
			buildSettings = {
				CLANG_ENABLE_MODULES = YES;
				CODE_SIGN_STYLE = Automatic;
				DEFINES_MODULE = YES;
				DEVELOPMENT_TEAM = 2QHTY6FMW2;
				DYLIB_COMPATIBILITY_VERSION = 1;
				DYLIB_CURRENT_VERSION = 1;
				DYLIB_INSTALL_NAME_BASE = "@rpath";
				INFOPLIST_FILE = Resources/Info.plist;
				INSTALL_PATH = "$(LOCAL_LIBRARY_DIR)/Frameworks";
				LD_RUNPATH_SEARCH_PATHS = (
					"$(inherited)",
					"@executable_path/Frameworks",
					"@loader_path/Frameworks",
				);
				PRODUCT_BUNDLE_IDENTIFIER = se.hexagons.swift.metal.ios;
				PRODUCT_NAME = SwiftMetal;
				SKIP_INSTALL = YES;
				SWIFT_OPTIMIZATION_LEVEL = "-Onone";
				SWIFT_VERSION = 5.0;
				TARGETED_DEVICE_FAMILY = "1,2";
			};
			name = Debug;
		};
		3A99C60D239A4B20005BE419 /* Release */ = {
			isa = XCBuildConfiguration;
			buildSettings = {
				CLANG_ENABLE_MODULES = YES;
				CODE_SIGN_STYLE = Automatic;
				DEFINES_MODULE = YES;
				DEVELOPMENT_TEAM = 2QHTY6FMW2;
				DYLIB_COMPATIBILITY_VERSION = 1;
				DYLIB_CURRENT_VERSION = 1;
				DYLIB_INSTALL_NAME_BASE = "@rpath";
				INFOPLIST_FILE = Resources/Info.plist;
				INSTALL_PATH = "$(LOCAL_LIBRARY_DIR)/Frameworks";
				LD_RUNPATH_SEARCH_PATHS = (
					"$(inherited)",
					"@executable_path/Frameworks",
					"@loader_path/Frameworks",
				);
				PRODUCT_BUNDLE_IDENTIFIER = se.hexagons.swift.metal.ios;
				PRODUCT_NAME = SwiftMetal;
				SKIP_INSTALL = YES;
				SWIFT_VERSION = 5.0;
				TARGETED_DEVICE_FAMILY = "1,2";
			};
			name = Release;
		};
		3A99C60F239A4B20005BE419 /* Debug */ = {
			isa = XCBuildConfiguration;
			buildSettings = {
				ALWAYS_EMBED_SWIFT_STANDARD_LIBRARIES = YES;
				CODE_SIGN_STYLE = Automatic;
				DEVELOPMENT_TEAM = 2QHTY6FMW2;
				INFOPLIST_FILE = SwiftMetalTests/Info.plist;
				LD_RUNPATH_SEARCH_PATHS = (
					"$(inherited)",
					"@executable_path/Frameworks",
					"@loader_path/Frameworks",
				);
				PRODUCT_BUNDLE_IDENTIFIER = se.hexagons.SwiftMetalTests;
				PRODUCT_NAME = "$(TARGET_NAME)";
				SWIFT_VERSION = 5.0;
				TARGETED_DEVICE_FAMILY = "1,2";
			};
			name = Debug;
		};
		3A99C610239A4B20005BE419 /* Release */ = {
			isa = XCBuildConfiguration;
			buildSettings = {
				ALWAYS_EMBED_SWIFT_STANDARD_LIBRARIES = YES;
				CODE_SIGN_STYLE = Automatic;
				DEVELOPMENT_TEAM = 2QHTY6FMW2;
				INFOPLIST_FILE = SwiftMetalTests/Info.plist;
				LD_RUNPATH_SEARCH_PATHS = (
					"$(inherited)",
					"@executable_path/Frameworks",
					"@loader_path/Frameworks",
				);
				PRODUCT_BUNDLE_IDENTIFIER = se.hexagons.SwiftMetalTests;
				PRODUCT_NAME = "$(TARGET_NAME)";
				SWIFT_VERSION = 5.0;
				TARGETED_DEVICE_FAMILY = "1,2";
			};
			name = Release;
		};
		744F60BE239EE2A200C51A63 /* Debug */ = {
			isa = XCBuildConfiguration;
			buildSettings = {
				CODE_SIGN_STYLE = Automatic;
				COMBINE_HIDPI_IMAGES = YES;
				DEFINES_MODULE = YES;
				DEVELOPMENT_TEAM = 2QHTY6FMW2;
				DYLIB_COMPATIBILITY_VERSION = 1;
				DYLIB_CURRENT_VERSION = 1;
				DYLIB_INSTALL_NAME_BASE = "@rpath";
				INFOPLIST_FILE = Resources/Info.plist;
				INSTALL_PATH = "$(LOCAL_LIBRARY_DIR)/Frameworks";
				LD_RUNPATH_SEARCH_PATHS = (
					"$(inherited)",
					"@executable_path/../Frameworks",
					"@loader_path/Frameworks",
				);
				MACOSX_DEPLOYMENT_TARGET = 10.15;
				PRODUCT_BUNDLE_IDENTIFIER = se.hexagons.swift.metal.macos;
				PRODUCT_NAME = SwiftMetal;
				SDKROOT = macosx;
				SKIP_INSTALL = YES;
				SWIFT_VERSION = 5.0;
			};
			name = Debug;
		};
		744F60BF239EE2A200C51A63 /* Release */ = {
			isa = XCBuildConfiguration;
			buildSettings = {
				CODE_SIGN_STYLE = Automatic;
				COMBINE_HIDPI_IMAGES = YES;
				DEFINES_MODULE = YES;
				DEVELOPMENT_TEAM = 2QHTY6FMW2;
				DYLIB_COMPATIBILITY_VERSION = 1;
				DYLIB_CURRENT_VERSION = 1;
				DYLIB_INSTALL_NAME_BASE = "@rpath";
				INFOPLIST_FILE = Resources/Info.plist;
				INSTALL_PATH = "$(LOCAL_LIBRARY_DIR)/Frameworks";
				LD_RUNPATH_SEARCH_PATHS = (
					"$(inherited)",
					"@executable_path/../Frameworks",
					"@loader_path/Frameworks",
				);
				MACOSX_DEPLOYMENT_TARGET = 10.15;
				PRODUCT_BUNDLE_IDENTIFIER = se.hexagons.swift.metal.macos;
				PRODUCT_NAME = SwiftMetal;
				SDKROOT = macosx;
				SKIP_INSTALL = YES;
				SWIFT_VERSION = 5.0;
			};
			name = Release;
		};
		744F60CB239EE2D100C51A63 /* Debug */ = {
			isa = XCBuildConfiguration;
			buildSettings = {
				CODE_SIGN_STYLE = Automatic;
				DEFINES_MODULE = YES;
				DEVELOPMENT_TEAM = 2QHTY6FMW2;
				DYLIB_COMPATIBILITY_VERSION = 1;
				DYLIB_CURRENT_VERSION = 1;
				DYLIB_INSTALL_NAME_BASE = "@rpath";
				INFOPLIST_FILE = Resources/Info.plist;
				INSTALL_PATH = "$(LOCAL_LIBRARY_DIR)/Frameworks";
				LD_RUNPATH_SEARCH_PATHS = (
					"$(inherited)",
					"@executable_path/Frameworks",
					"@loader_path/Frameworks",
				);
				PRODUCT_BUNDLE_IDENTIFIER = se.hexagons.swift.metal.tvos;
				PRODUCT_NAME = SwiftMetal;
				SDKROOT = appletvos;
				SKIP_INSTALL = YES;
				SWIFT_VERSION = 5.0;
				TARGETED_DEVICE_FAMILY = 3;
				TVOS_DEPLOYMENT_TARGET = 13.2;
			};
			name = Debug;
		};
		744F60CC239EE2D100C51A63 /* Release */ = {
			isa = XCBuildConfiguration;
			buildSettings = {
				CODE_SIGN_STYLE = Automatic;
				DEFINES_MODULE = YES;
				DEVELOPMENT_TEAM = 2QHTY6FMW2;
				DYLIB_COMPATIBILITY_VERSION = 1;
				DYLIB_CURRENT_VERSION = 1;
				DYLIB_INSTALL_NAME_BASE = "@rpath";
				INFOPLIST_FILE = Resources/Info.plist;
				INSTALL_PATH = "$(LOCAL_LIBRARY_DIR)/Frameworks";
				LD_RUNPATH_SEARCH_PATHS = (
					"$(inherited)",
					"@executable_path/Frameworks",
					"@loader_path/Frameworks",
				);
				PRODUCT_BUNDLE_IDENTIFIER = se.hexagons.swift.metal.tvos;
				PRODUCT_NAME = SwiftMetal;
				SDKROOT = appletvos;
				SKIP_INSTALL = YES;
				SWIFT_VERSION = 5.0;
				TARGETED_DEVICE_FAMILY = 3;
				TVOS_DEPLOYMENT_TARGET = 13.2;
			};
			name = Release;
		};
		744F610A239EEC4E00C51A63 /* Debug */ = {
			isa = XCBuildConfiguration;
			buildSettings = {
				CODE_SIGN_STYLE = Automatic;
				DEVELOPMENT_TEAM = 2QHTY6FMW2;
				ENABLE_HARDENED_RUNTIME = YES;
				MACOSX_DEPLOYMENT_TARGET = 10.15;
				PRODUCT_NAME = "$(TARGET_NAME)";
				SDKROOT = macosx;
				SWIFT_VERSION = 5.0;
			};
			name = Debug;
		};
		744F610B239EEC4E00C51A63 /* Release */ = {
			isa = XCBuildConfiguration;
			buildSettings = {
				CODE_SIGN_STYLE = Automatic;
				DEVELOPMENT_TEAM = 2QHTY6FMW2;
				ENABLE_HARDENED_RUNTIME = YES;
				MACOSX_DEPLOYMENT_TARGET = 10.15;
				PRODUCT_NAME = "$(TARGET_NAME)";
				SDKROOT = macosx;
				SWIFT_VERSION = 5.0;
			};
			name = Release;
		};
/* End XCBuildConfiguration section */

/* Begin XCConfigurationList section */
		3A478A13239E556D009AE4D4 /* Build configuration list for PBXNativeTarget "SwiftMetalDemo" */ = {
			isa = XCConfigurationList;
			buildConfigurations = (
				3A478A14239E556D009AE4D4 /* Debug */,
				3A478A15239E556D009AE4D4 /* Release */,
			);
			defaultConfigurationIsVisible = 0;
			defaultConfigurationName = Release;
		};
		3A99C5F1239A4B20005BE419 /* Build configuration list for PBXProject "SwiftMetal" */ = {
			isa = XCConfigurationList;
			buildConfigurations = (
				3A99C609239A4B20005BE419 /* Debug */,
				3A99C60A239A4B20005BE419 /* Release */,
			);
			defaultConfigurationIsVisible = 0;
			defaultConfigurationName = Release;
		};
		3A99C60B239A4B20005BE419 /* Build configuration list for PBXNativeTarget "SwiftMetal_iOS" */ = {
			isa = XCConfigurationList;
			buildConfigurations = (
				3A99C60C239A4B20005BE419 /* Debug */,
				3A99C60D239A4B20005BE419 /* Release */,
			);
			defaultConfigurationIsVisible = 0;
			defaultConfigurationName = Release;
		};
		3A99C60E239A4B20005BE419 /* Build configuration list for PBXNativeTarget "SwiftMetalTests" */ = {
			isa = XCConfigurationList;
			buildConfigurations = (
				3A99C60F239A4B20005BE419 /* Debug */,
				3A99C610239A4B20005BE419 /* Release */,
			);
			defaultConfigurationIsVisible = 0;
			defaultConfigurationName = Release;
		};
		744F60BD239EE2A200C51A63 /* Build configuration list for PBXNativeTarget "SwiftMetal_macOS" */ = {
			isa = XCConfigurationList;
			buildConfigurations = (
				744F60BE239EE2A200C51A63 /* Debug */,
				744F60BF239EE2A200C51A63 /* Release */,
			);
			defaultConfigurationIsVisible = 0;
			defaultConfigurationName = Release;
		};
		744F60CA239EE2D100C51A63 /* Build configuration list for PBXNativeTarget "SwiftMetal_tvOS" */ = {
			isa = XCConfigurationList;
			buildConfigurations = (
				744F60CB239EE2D100C51A63 /* Debug */,
				744F60CC239EE2D100C51A63 /* Release */,
			);
			defaultConfigurationIsVisible = 0;
			defaultConfigurationName = Release;
		};
		744F6109239EEC4E00C51A63 /* Build configuration list for PBXNativeTarget "SwiftMetalTool" */ = {
			isa = XCConfigurationList;
			buildConfigurations = (
				744F610A239EEC4E00C51A63 /* Debug */,
				744F610B239EEC4E00C51A63 /* Release */,
			);
			defaultConfigurationIsVisible = 0;
			defaultConfigurationName = Release;
		};
/* End XCConfigurationList section */
	};
	rootObject = 3A99C5EE239A4B20005BE419 /* Project object */;
}
